// !$*UTF8*$!
{
	archiveVersion = 1;
	classes = {
	};
	objectVersion = 46;
	objects = {

/* Begin PBXBuildFile section */
		171DDAE01B23E34B00BFA92B /* AppDelegate.swift in Sources */ = {isa = PBXBuildFile; fileRef = 171DDADF1B23E34B00BFA92B /* AppDelegate.swift */; };
		171DDAE31B23E34B00BFA92B /* isAHO.xcdatamodeld in Sources */ = {isa = PBXBuildFile; fileRef = 171DDAE11B23E34B00BFA92B /* isAHO.xcdatamodeld */; };
		171DDAE51B23E34B00BFA92B /* ViewController.swift in Sources */ = {isa = PBXBuildFile; fileRef = 171DDAE41B23E34B00BFA92B /* ViewController.swift */; };
		171DDAE81B23E34B00BFA92B /* Main.storyboard in Resources */ = {isa = PBXBuildFile; fileRef = 171DDAE61B23E34B00BFA92B /* Main.storyboard */; };
		171DDAEA1B23E34B00BFA92B /* Images.xcassets in Resources */ = {isa = PBXBuildFile; fileRef = 171DDAE91B23E34B00BFA92B /* Images.xcassets */; };
		171DDAED1B23E34B00BFA92B /* LaunchScreen.xib in Resources */ = {isa = PBXBuildFile; fileRef = 171DDAEB1B23E34B00BFA92B /* LaunchScreen.xib */; };
		171DDAF91B23E34B00BFA92B /* isAHOTests.swift in Sources */ = {isa = PBXBuildFile; fileRef = 171DDAF81B23E34B00BFA92B /* isAHOTests.swift */; };
/* End PBXBuildFile section */

/* Begin PBXContainerItemProxy section */
		171DDAF31B23E34B00BFA92B /* PBXContainerItemProxy */ = {
			isa = PBXContainerItemProxy;
			containerPortal = 171DDAD21B23E34B00BFA92B /* Project object */;
			proxyType = 1;
			remoteGlobalIDString = 171DDAD91B23E34B00BFA92B;
			remoteInfo = isAHO;
		};
/* End PBXContainerItemProxy section */

/* Begin PBXFileReference section */
		171DDADA1B23E34B00BFA92B /* isAHO.app */ = {isa = PBXFileReference; explicitFileType = wrapper.application; includeInIndex = 0; path = isAHO.app; sourceTree = BUILT_PRODUCTS_DIR; };
		171DDADE1B23E34B00BFA92B /* Info.plist */ = {isa = PBXFileReference; lastKnownFileType = text.plist.xml; path = Info.plist; sourceTree = "<group>"; };
		171DDADF1B23E34B00BFA92B /* AppDelegate.swift */ = {isa = PBXFileReference; lastKnownFileType = sourcecode.swift; path = AppDelegate.swift; sourceTree = "<group>"; };
		171DDAE21B23E34B00BFA92B /* isAHO.xcdatamodel */ = {isa = PBXFileReference; lastKnownFileType = wrapper.xcdatamodel; path = isAHO.xcdatamodel; sourceTree = "<group>"; };
		171DDAE41B23E34B00BFA92B /* ViewController.swift */ = {isa = PBXFileReference; lastKnownFileType = sourcecode.swift; path = ViewController.swift; sourceTree = "<group>"; };
		171DDAE71B23E34B00BFA92B /* Base */ = {isa = PBXFileReference; lastKnownFileType = file.storyboard; name = Base; path = Base.lproj/Main.storyboard; sourceTree = "<group>"; };
		171DDAE91B23E34B00BFA92B /* Images.xcassets */ = {isa = PBXFileReference; lastKnownFileType = folder.assetcatalog; path = Images.xcassets; sourceTree = "<group>"; };
		171DDAEC1B23E34B00BFA92B /* Base */ = {isa = PBXFileReference; lastKnownFileType = file.xib; name = Base; path = Base.lproj/LaunchScreen.xib; sourceTree = "<group>"; };
		171DDAF21B23E34B00BFA92B /* isAHOTests.xctest */ = {isa = PBXFileReference; explicitFileType = wrapper.cfbundle; includeInIndex = 0; path = isAHOTests.xctest; sourceTree = BUILT_PRODUCTS_DIR; };
		171DDAF71B23E34B00BFA92B /* Info.plist */ = {isa = PBXFileReference; lastKnownFileType = text.plist.xml; path = Info.plist; sourceTree = "<group>"; };
		171DDAF81B23E34B00BFA92B /* isAHOTests.swift */ = {isa = PBXFileReference; lastKnownFileType = sourcecode.swift; path = isAHOTests.swift; sourceTree = "<group>"; };
/* End PBXFileReference section */

/* Begin PBXFrameworksBuildPhase section */
		171DDAD71B23E34B00BFA92B /* Frameworks */ = {
			isa = PBXFrameworksBuildPhase;
			buildActionMask = 2147483647;
			files = (
			);
			runOnlyForDeploymentPostprocessing = 0;
		};
		171DDAEF1B23E34B00BFA92B /* Frameworks */ = {
			isa = PBXFrameworksBuildPhase;
			buildActionMask = 2147483647;
			files = (
			);
			runOnlyForDeploymentPostprocessing = 0;
		};
/* End PBXFrameworksBuildPhase section */

/* Begin PBXGroup section */
		171DDAD11B23E34B00BFA92B = {
			isa = PBXGroup;
			children = (
				171DDADC1B23E34B00BFA92B /* isAHO */,
				171DDAF51B23E34B00BFA92B /* isAHOTests */,
				171DDADB1B23E34B00BFA92B /* Products */,
			);
			sourceTree = "<group>";
		};
		171DDADB1B23E34B00BFA92B /* Products */ = {
			isa = PBXGroup;
			children = (
				171DDADA1B23E34B00BFA92B /* isAHO.app */,
				171DDAF21B23E34B00BFA92B /* isAHOTests.xctest */,
			);
			name = Products;
			sourceTree = "<group>";
		};
		171DDADC1B23E34B00BFA92B /* isAHO */ = {
			isa = PBXGroup;
			children = (
				171DDADF1B23E34B00BFA92B /* AppDelegate.swift */,
				171DDAE41B23E34B00BFA92B /* ViewController.swift */,
				171DDAE61B23E34B00BFA92B /* Main.storyboard */,
				171DDAE91B23E34B00BFA92B /* Images.xcassets */,
				171DDAEB1B23E34B00BFA92B /* LaunchScreen.xib */,
				171DDAE11B23E34B00BFA92B /* isAHO.xcdatamodeld */,
				171DDADD1B23E34B00BFA92B /* Supporting Files */,
			);
			path = isAHO;
			sourceTree = "<group>";
		};
		171DDADD1B23E34B00BFA92B /* Supporting Files */ = {
			isa = PBXGroup;
			children = (
				171DDADE1B23E34B00BFA92B /* Info.plist */,
			);
			name = "Supporting Files";
			sourceTree = "<group>";
		};
		171DDAF51B23E34B00BFA92B /* isAHOTests */ = {
			isa = PBXGroup;
			children = (
				171DDAF81B23E34B00BFA92B /* isAHOTests.swift */,
				171DDAF61B23E34B00BFA92B /* Supporting Files */,
			);
			path = isAHOTests;
			sourceTree = "<group>";
		};
		171DDAF61B23E34B00BFA92B /* Supporting Files */ = {
			isa = PBXGroup;
			children = (
				171DDAF71B23E34B00BFA92B /* Info.plist */,
			);
			name = "Supporting Files";
			sourceTree = "<group>";
		};
/* End PBXGroup section */

/* Begin PBXNativeTarget section */
		171DDAD91B23E34B00BFA92B /* isAHO */ = {
			isa = PBXNativeTarget;
			buildConfigurationList = 171DDAFC1B23E34B00BFA92B /* Build configuration list for PBXNativeTarget "isAHO" */;
			buildPhases = (
				171DDAD61B23E34B00BFA92B /* Sources */,
				171DDAD71B23E34B00BFA92B /* Frameworks */,
				171DDAD81B23E34B00BFA92B /* Resources */,
			);
			buildRules = (
			);
			dependencies = (
			);
			name = isAHO;
			productName = isAHO;
			productReference = 171DDADA1B23E34B00BFA92B /* isAHO.app */;
			productType = "com.apple.product-type.application";
		};
		171DDAF11B23E34B00BFA92B /* isAHOTests */ = {
			isa = PBXNativeTarget;
			buildConfigurationList = 171DDAFF1B23E34B00BFA92B /* Build configuration list for PBXNativeTarget "isAHOTests" */;
			buildPhases = (
				171DDAEE1B23E34B00BFA92B /* Sources */,
				171DDAEF1B23E34B00BFA92B /* Frameworks */,
				171DDAF01B23E34B00BFA92B /* Resources */,
			);
			buildRules = (
			);
			dependencies = (
				171DDAF41B23E34B00BFA92B /* PBXTargetDependency */,
			);
			name = isAHOTests;
			productName = isAHOTests;
			productReference = 171DDAF21B23E34B00BFA92B /* isAHOTests.xctest */;
			productType = "com.apple.product-type.bundle.unit-test";
		};
/* End PBXNativeTarget section */

/* Begin PBXProject section */
		171DDAD21B23E34B00BFA92B /* Project object */ = {
			isa = PBXProject;
			attributes = {
				LastUpgradeCheck = 0630;
				ORGANIZATIONNAME = "前田雄亮";
				TargetAttributes = {
					171DDAD91B23E34B00BFA92B = {
						CreatedOnToolsVersion = 6.3.2;
					};
					171DDAF11B23E34B00BFA92B = {
						CreatedOnToolsVersion = 6.3.2;
						TestTargetID = 171DDAD91B23E34B00BFA92B;
					};
				};
			};
			buildConfigurationList = 171DDAD51B23E34B00BFA92B /* Build configuration list for PBXProject "isAHO" */;
			compatibilityVersion = "Xcode 3.2";
			developmentRegion = English;
			hasScannedForEncodings = 0;
			knownRegions = (
				en,
				Base,
			);
			mainGroup = 171DDAD11B23E34B00BFA92B;
			productRefGroup = 171DDADB1B23E34B00BFA92B /* Products */;
			projectDirPath = "";
			projectRoot = "";
			targets = (
				171DDAD91B23E34B00BFA92B /* isAHO */,
				171DDAF11B23E34B00BFA92B /* isAHOTests */,
			);
		};
/* End PBXProject section */

/* Begin PBXResourcesBuildPhase section */
		171DDAD81B23E34B00BFA92B /* Resources */ = {
			isa = PBXResourcesBuildPhase;
			buildActionMask = 2147483647;
			files = (
				171DDAE81B23E34B00BFA92B /* Main.storyboard in Resources */,
				171DDAED1B23E34B00BFA92B /* LaunchScreen.xib in Resources */,
				171DDAEA1B23E34B00BFA92B /* Images.xcassets in Resources */,
			);
			runOnlyForDeploymentPostprocessing = 0;
		};
		171DDAF01B23E34B00BFA92B /* Resources */ = {
			isa = PBXResourcesBuildPhase;
			buildActionMask = 2147483647;
			files = (
			);
			runOnlyForDeploymentPostprocessing = 0;
		};
/* End PBXResourcesBuildPhase section */

/* Begin PBXSourcesBuildPhase section */
		171DDAD61B23E34B00BFA92B /* Sources */ = {
			isa = PBXSourcesBuildPhase;
			buildActionMask = 2147483647;
			files = (
				171DDAE51B23E34B00BFA92B /* ViewController.swift in Sources */,
				171DDAE31B23E34B00BFA92B /* isAHO.xcdatamodeld in Sources */,
				171DDAE01B23E34B00BFA92B /* AppDelegate.swift in Sources */,
			);
			runOnlyForDeploymentPostprocessing = 0;
		};
		171DDAEE1B23E34B00BFA92B /* Sources */ = {
			isa = PBXSourcesBuildPhase;
			buildActionMask = 2147483647;
			files = (
				171DDAF91B23E34B00BFA92B /* isAHOTests.swift in Sources */,
			);
			runOnlyForDeploymentPostprocessing = 0;
		};
/* End PBXSourcesBuildPhase section */

/* Begin PBXTargetDependency section */
		171DDAF41B23E34B00BFA92B /* PBXTargetDependency */ = {
			isa = PBXTargetDependency;
			target = 171DDAD91B23E34B00BFA92B /* isAHO */;
			targetProxy = 171DDAF31B23E34B00BFA92B /* PBXContainerItemProxy */;
		};
/* End PBXTargetDependency section */

/* Begin PBXVariantGroup section */
		171DDAE61B23E34B00BFA92B /* Main.storyboard */ = {
			isa = PBXVariantGroup;
			children = (
				171DDAE71B23E34B00BFA92B /* Base */,
			);
			name = Main.storyboard;
			sourceTree = "<group>";
		};
		171DDAEB1B23E34B00BFA92B /* LaunchScreen.xib */ = {
			isa = PBXVariantGroup;
			children = (
				171DDAEC1B23E34B00BFA92B /* Base */,
			);
			name = LaunchScreen.xib;
			sourceTree = "<group>";
		};
/* End PBXVariantGroup section */

/* Begin XCBuildConfiguration section */
		171DDAFA1B23E34B00BFA92B /* Debug */ = {
			isa = XCBuildConfiguration;
			buildSettings = {
				ALWAYS_SEARCH_USER_PATHS = NO;
				CLANG_CXX_LANGUAGE_STANDARD = "gnu++0x";
				CLANG_CXX_LIBRARY = "libc++";
				CLANG_ENABLE_MODULES = YES;
				CLANG_ENABLE_OBJC_ARC = YES;
				CLANG_WARN_BOOL_CONVERSION = YES;
				CLANG_WARN_CONSTANT_CONVERSION = YES;
				CLANG_WARN_DIRECT_OBJC_ISA_USAGE = YES_ERROR;
				CLANG_WARN_EMPTY_BODY = YES;
				CLANG_WARN_ENUM_CONVERSION = YES;
				CLANG_WARN_INT_CONVERSION = YES;
				CLANG_WARN_OBJC_ROOT_CLASS = YES_ERROR;
				CLANG_WARN_UNREACHABLE_CODE = YES;
				CLANG_WARN__DUPLICATE_METHOD_MATCH = YES;
				"CODE_SIGN_IDENTITY[sdk=iphoneos*]" = "iPhone Developer";
				COPY_PHASE_STRIP = NO;
				DEBUG_INFORMATION_FORMAT = "dwarf-with-dsym";
				ENABLE_STRICT_OBJC_MSGSEND = YES;
				GCC_C_LANGUAGE_STANDARD = gnu99;
				GCC_DYNAMIC_NO_PIC = NO;
				GCC_NO_COMMON_BLOCKS = YES;
				GCC_OPTIMIZATION_LEVEL = 0;
				GCC_PREPROCESSOR_DEFINITIONS = (
					"DEBUG=1",
					"$(inherited)",
				);
				GCC_SYMBOLS_PRIVATE_EXTERN = NO;
				GCC_WARN_64_TO_32_BIT_CONVERSION = YES;
				GCC_WARN_ABOUT_RETURN_TYPE = YES_ERROR;
				GCC_WARN_UNDECLARED_SELECTOR = YES;
				GCC_WARN_UNINITIALIZED_AUTOS = YES_AGGRESSIVE;
				GCC_WARN_UNUSED_FUNCTION = YES;
				GCC_WARN_UNUSED_VARIABLE = YES;
				IPHONEOS_DEPLOYMENT_TARGET = 8.3;
				MTL_ENABLE_DEBUG_INFO = YES;
				ONLY_ACTIVE_ARCH = YES;
				SDKROOT = iphoneos;
				SWIFT_OPTIMIZATION_LEVEL = "-Onone";
			};
			name = Debug;
		};
		171DDAFB1B23E34B00BFA92B /* Release */ = {
			isa = XCBuildConfiguration;
			buildSettings = {
				ALWAYS_SEARCH_USER_PATHS = NO;
				CLANG_CXX_LANGUAGE_STANDARD = "gnu++0x";
				CLANG_CXX_LIBRARY = "libc++";
				CLANG_ENABLE_MODULES = YES;
				CLANG_ENABLE_OBJC_ARC = YES;
				CLANG_WARN_BOOL_CONVERSION = YES;
				CLANG_WARN_CONSTANT_CONVERSION = YES;
				CLANG_WARN_DIRECT_OBJC_ISA_USAGE = YES_ERROR;
				CLANG_WARN_EMPTY_BODY = YES;
				CLANG_WARN_ENUM_CONVERSION = YES;
				CLANG_WARN_INT_CONVERSION = YES;
				CLANG_WARN_OBJC_ROOT_CLASS = YES_ERROR;
				CLANG_WARN_UNREACHABLE_CODE = YES;
				CLANG_WARN__DUPLICATE_METHOD_MATCH = YES;
				"CODE_SIGN_IDENTITY[sdk=iphoneos*]" = "iPhone Developer";
				COPY_PHASE_STRIP = NO;
				DEBUG_INFORMATION_FORMAT = "dwarf-with-dsym";
				ENABLE_NS_ASSERTIONS = NO;
				ENABLE_STRICT_OBJC_MSGSEND = YES;
				GCC_C_LANGUAGE_STANDARD = gnu99;
				GCC_NO_COMMON_BLOCKS = YES;
				GCC_WARN_64_TO_32_BIT_CONVERSION = YES;
				GCC_WARN_ABOUT_RETURN_TYPE = YES_ERROR;
				GCC_WARN_UNDECLARED_SELECTOR = YES;
				GCC_WARN_UNINITIALIZED_AUTOS = YES_AGGRESSIVE;
				GCC_WARN_UNUSED_FUNCTION = YES;
				GCC_WARN_UNUSED_VARIABLE = YES;
				IPHONEOS_DEPLOYMENT_TARGET = 8.3;
				MTL_ENABLE_DEBUG_INFO = NO;
				SDKROOT = iphoneos;
				VALIDATE_PRODUCT = YES;
			};
			name = Release;
		};
		171DDAFD1B23E34B00BFA92B /* Debug */ = {
			isa = XCBuildConfiguration;
			buildSettings = {
				ASSETCATALOG_COMPILER_APPICON_NAME = AppIcon;
				INFOPLIST_FILE = isAHO/Info.plist;
				LD_RUNPATH_SEARCH_PATHS = "$(inherited) @executable_path/Frameworks";
				PRODUCT_NAME = "$(TARGET_NAME)";
			};
			name = Debug;
		};
		171DDAFE1B23E34B00BFA92B /* Release */ = {
			isa = XCBuildConfiguration;
			buildSettings = {
				ASSETCATALOG_COMPILER_APPICON_NAME = AppIcon;
				INFOPLIST_FILE = isAHO/Info.plist;
				LD_RUNPATH_SEARCH_PATHS = "$(inherited) @executable_path/Frameworks";
				PRODUCT_NAME = "$(TARGET_NAME)";
			};
			name = Release;
		};
		171DDB001B23E34B00BFA92B /* Debug */ = {
			isa = XCBuildConfiguration;
			buildSettings = {
				BUNDLE_LOADER = "$(TEST_HOST)";
				FRAMEWORK_SEARCH_PATHS = (
					"$(SDKROOT)/Developer/Library/Frameworks",
					"$(inherited)",
				);
				GCC_PREPROCESSOR_DEFINITIONS = (
					"DEBUG=1",
					"$(inherited)",
				);
				INFOPLIST_FILE = isAHOTests/Info.plist;
				LD_RUNPATH_SEARCH_PATHS = "$(inherited) @executable_path/Frameworks @loader_path/Frameworks";
				PRODUCT_NAME = "$(TARGET_NAME)";
				TEST_HOST = "$(BUILT_PRODUCTS_DIR)/isAHO.app/isAHO";
			};
			name = Debug;
		};
		171DDB011B23E34B00BFA92B /* Release */ = {
			isa = XCBuildConfiguration;
			buildSettings = {
				BUNDLE_LOADER = "$(TEST_HOST)";
				FRAMEWORK_SEARCH_PATHS = (
					"$(SDKROOT)/Developer/Library/Frameworks",
					"$(inherited)",
				);
				INFOPLIST_FILE = isAHOTests/Info.plist;
				LD_RUNPATH_SEARCH_PATHS = "$(inherited) @executable_path/Frameworks @loader_path/Frameworks";
				PRODUCT_NAME = "$(TARGET_NAME)";
				TEST_HOST = "$(BUILT_PRODUCTS_DIR)/isAHO.app/isAHO";
			};
			name = Release;
		};
/* End XCBuildConfiguration section */

/* Begin XCConfigurationList section */
		171DDAD51B23E34B00BFA92B /* Build configuration list for PBXProject "isAHO" */ = {
			isa = XCConfigurationList;
			buildConfigurations = (
				171DDAFA1B23E34B00BFA92B /* Debug */,
				171DDAFB1B23E34B00BFA92B /* Release */,
			);
			defaultConfigurationIsVisible = 0;
			defaultConfigurationName = Release;
		};
		171DDAFC1B23E34B00BFA92B /* Build configuration list for PBXNativeTarget "isAHO" */ = {
			isa = XCConfigurationList;
			buildConfigurations = (
				171DDAFD1B23E34B00BFA92B /* Debug */,
				171DDAFE1B23E34B00BFA92B /* Release */,
			);
			defaultConfigurationIsVisible = 0;
		};
		171DDAFF1B23E34B00BFA92B /* Build configuration list for PBXNativeTarget "isAHOTests" */ = {
			isa = XCConfigurationList;
			buildConfigurations = (
				171DDB001B23E34B00BFA92B /* Debug */,
				171DDB011B23E34B00BFA92B /* Release */,
			);
			defaultConfigurationIsVisible = 0;
		};
/* End XCConfigurationList section */

/* Begin XCVersionGroup section */
		171DDAE11B23E34B00BFA92B /* isAHO.xcdatamodeld */ = {
			isa = XCVersionGroup;
			children = (
				171DDAE21B23E34B00BFA92B /* isAHO.xcdatamodel */,
			);
			currentVersion = 171DDAE21B23E34B00BFA92B /* isAHO.xcdatamodel */;
			path = isAHO.xcdatamodeld;
			sourceTree = "<group>";
			versionGroupType = wrapper.xcdatamodel;
		};
/* End XCVersionGroup section */
	};
	rootObject = 171DDAD21B23E34B00BFA92B /* Project object */;
}
